
Microsoft Visual Studio Solution File, Format Version 12.00
# Visual Studio Version 17
VisualStudioVersion = 17.8.34330.188
MinimumVisualStudioVersion = 10.0.40219.1
Project("{2150E333-8FDC-42A3-9474-1A3956D46DE8}") = "src", "src", "{7C2686D8-BFEE-4C74-B7CF-A85E623ABF9F}"
EndProject
Project("{2150E333-8FDC-42A3-9474-1A3956D46DE8}") = "test", "test", "{7B6C66AC-75A7-4F6F-999D-F9E488674208}"
EndProject
Project("{9A19103F-16F7-4668-BE54-9A1E7A4F7556}") = "BigDinner.Domain", "BigDinner.Domain\BigDinner.Domain.csproj", "{9391A539-FA36-412F-B17E-A6758009523D}"
EndProject
Project("{9A19103F-16F7-4668-BE54-9A1E7A4F7556}") = "BigDinner.Application", "BigDinner.Application\BigDinner.Application.csproj", "{F04B2ED5-8DBE-4F07-A129-9539437180A7}"
EndProject
Project("{9A19103F-16F7-4668-BE54-9A1E7A4F7556}") = "BigDinner.API", "BigDinner.API\BigDinner.API.csproj", "{46331C44-5AF9-492B-A69E-79992FD329B4}"
EndProject
Project("{9A19103F-16F7-4668-BE54-9A1E7A4F7556}") = "BigDinner.Persistence", "BigDinner.Persistence\BigDinner.Persistence.csproj", "{353F281F-95CB-4194-BC1C-31E5ACDB4D70}"
EndProject
Project("{2150E333-8FDC-42A3-9474-1A3956D46DE8}") = "Presentation", "Presentation", "{93DEFAB2-6C03-44F7-80C2-AF3DDF820578}"
EndProject
Project("{2150E333-8FDC-42A3-9474-1A3956D46DE8}") = "Core", "Core", "{B664F651-FE2A-4FDC-B70C-2D657C961FA4}"
EndProject
Project("{2150E333-8FDC-42A3-9474-1A3956D46DE8}") = "Infrastructure", "Infrastructure", "{33768042-F363-4C3C-A61F-4E9C804EB028}"
EndProject
Project("{9A19103F-16F7-4668-BE54-9A1E7A4F7556}") = "BigDinner.Service", "BigDinner.Service\BigDinner.Service.csproj", "{838831A1-0583-4DCF-BD08-6CC49925E63E}"
EndProject
Global
	GlobalSection(SolutionConfigurationPlatforms) = preSolution
		Debug|Any CPU = Debug|Any CPU
		Release|Any CPU = Release|Any CPU
	EndGlobalSection
	GlobalSection(ProjectConfigurationPlatforms) = postSolution
		{9391A539-FA36-412F-B17E-A6758009523D}.Debug|Any CPU.ActiveCfg = Debug|Any CPU
		{9391A539-FA36-412F-B17E-A6758009523D}.Debug|Any CPU.Build.0 = Debug|Any CPU
		{9391A539-FA36-412F-B17E-A6758009523D}.Release|Any CPU.ActiveCfg = Release|Any CPU
		{9391A539-FA36-412F-B17E-A6758009523D}.Release|Any CPU.Build.0 = Release|Any CPU
		{F04B2ED5-8DBE-4F07-A129-9539437180A7}.Debug|Any CPU.ActiveCfg = Debug|Any CPU
		{F04B2ED5-8DBE-4F07-A129-9539437180A7}.Debug|Any CPU.Build.0 = Debug|Any CPU
		{F04B2ED5-8DBE-4F07-A129-9539437180A7}.Release|Any CPU.ActiveCfg = Release|Any CPU
		{F04B2ED5-8DBE-4F07-A129-9539437180A7}.Release|Any CPU.Build.0 = Release|Any CPU
		{46331C44-5AF9-492B-A69E-79992FD329B4}.Debug|Any CPU.ActiveCfg = Debug|Any CPU
		{46331C44-5AF9-492B-A69E-79992FD329B4}.Debug|Any CPU.Build.0 = Debug|Any CPU
		{46331C44-5AF9-492B-A69E-79992FD329B4}.Release|Any CPU.ActiveCfg = Release|Any CPU
		{46331C44-5AF9-492B-A69E-79992FD329B4}.Release|Any CPU.Build.0 = Release|Any CPU
		{353F281F-95CB-4194-BC1C-31E5ACDB4D70}.Debug|Any CPU.ActiveCfg = Debug|Any CPU
		{353F281F-95CB-4194-BC1C-31E5ACDB4D70}.Debug|Any CPU.Build.0 = Debug|Any CPU
		{353F281F-95CB-4194-BC1C-31E5ACDB4D70}.Release|Any CPU.ActiveCfg = Release|Any CPU
		{353F281F-95CB-4194-BC1C-31E5ACDB4D70}.Release|Any CPU.Build.0 = Release|Any CPU
		{838831A1-0583-4DCF-BD08-6CC49925E63E}.Debug|Any CPU.ActiveCfg = Debug|Any CPU
		{838831A1-0583-4DCF-BD08-6CC49925E63E}.Debug|Any CPU.Build.0 = Debug|Any CPU
		{838831A1-0583-4DCF-BD08-6CC49925E63E}.Release|Any CPU.ActiveCfg = Release|Any CPU
		{838831A1-0583-4DCF-BD08-6CC49925E63E}.Release|Any CPU.Build.0 = Release|Any CPU
	EndGlobalSection
	GlobalSection(SolutionProperties) = preSolution
		HideSolutionNode = FALSE
	EndGlobalSection
	GlobalSection(NestedProjects) = preSolution
		{9391A539-FA36-412F-B17E-A6758009523D} = {B664F651-FE2A-4FDC-B70C-2D657C961FA4}
		{F04B2ED5-8DBE-4F07-A129-9539437180A7} = {B664F651-FE2A-4FDC-B70C-2D657C961FA4}
		{46331C44-5AF9-492B-A69E-79992FD329B4} = {93DEFAB2-6C03-44F7-80C2-AF3DDF820578}
		{353F281F-95CB-4194-BC1C-31E5ACDB4D70} = {33768042-F363-4C3C-A61F-4E9C804EB028}
		{93DEFAB2-6C03-44F7-80C2-AF3DDF820578} = {7C2686D8-BFEE-4C74-B7CF-A85E623ABF9F}
		{B664F651-FE2A-4FDC-B70C-2D657C961FA4} = {7C2686D8-BFEE-4C74-B7CF-A85E623ABF9F}
		{33768042-F363-4C3C-A61F-4E9C804EB028} = {7C2686D8-BFEE-4C74-B7CF-A85E623ABF9F}
		{838831A1-0583-4DCF-BD08-6CC49925E63E} = {33768042-F363-4C3C-A61F-4E9C804EB028}
	EndGlobalSection
	GlobalSection(ExtensibilityGlobals) = postSolution
		SolutionGuid = {FD4F3CA6-E6FC-47C5-86FC-780EFFD0FF60}
	EndGlobalSection
EndGlobal
