
Microsoft Visual Studio Solution File, Format Version 12.00
# Visual Studio Version 17
VisualStudioVersion = 17.8.34330.188
MinimumVisualStudioVersion = 10.0.40219.1
Project("{2150E333-8FDC-42A3-9474-1A3956D46DE8}") = "src", "src", "{7C2686D8-BFEE-4C74-B7CF-A85E623ABF9F}"
EndProject
Project("{2150E333-8FDC-42A3-9474-1A3956D46DE8}") = "test", "test", "{7B6C66AC-75A7-4F6F-999D-F9E488674208}"
EndProject
Project("{FAE04EC0-301F-11D3-BF4B-00C04F79EFBC}") = "BigDinner.Domain", "BigDinner.Domain\BigDinner.Domain.csproj", "{9391A539-FA36-412F-B17E-A6758009523D}"
EndProject
Project("{FAE04EC0-301F-11D3-BF4B-00C04F79EFBC}") = "BigDinner.Application", "BigDinner.Application\BigDinner.Application.csproj", "{F04B2ED5-8DBE-4F07-A129-9539437180A7}"
EndProject
Project("{FAE04EC0-301F-11D3-BF4B-00C04F79EFBC}") = "BigDinner.Contracts", "BigDinner.Contracts\BigDinner.Contracts.csproj", "{73F60E29-4C79-42BA-B14F-FA69AE5C46F0}"
EndProject
Project("{FAE04EC0-301F-11D3-BF4B-00C04F79EFBC}") = "BigDinner.Infrastructre", "BigDinner.Infrastructre\BigDinner.Infrastructre.csproj", "{68B97714-84FB-4799-8B67-FDF87F1F8987}"
EndProject
Project("{FAE04EC0-301F-11D3-BF4B-00C04F79EFBC}") = "BigDinner.API", "BigDinner.API\BigDinner.API.csproj", "{46331C44-5AF9-492B-A69E-79992FD329B4}"
EndProject
Global
	GlobalSection(SolutionConfigurationPlatforms) = preSolution
		Debug|Any CPU = Debug|Any CPU
		Release|Any CPU = Release|Any CPU
	EndGlobalSection
	GlobalSection(ProjectConfigurationPlatforms) = postSolution
		{9391A539-FA36-412F-B17E-A6758009523D}.Debug|Any CPU.ActiveCfg = Debug|Any CPU
		{9391A539-FA36-412F-B17E-A6758009523D}.Debug|Any CPU.Build.0 = Debug|Any CPU
		{9391A539-FA36-412F-B17E-A6758009523D}.Release|Any CPU.ActiveCfg = Release|Any CPU
		{9391A539-FA36-412F-B17E-A6758009523D}.Release|Any CPU.Build.0 = Release|Any CPU
		{F04B2ED5-8DBE-4F07-A129-9539437180A7}.Debug|Any CPU.ActiveCfg = Debug|Any CPU
		{F04B2ED5-8DBE-4F07-A129-9539437180A7}.Debug|Any CPU.Build.0 = Debug|Any CPU
		{F04B2ED5-8DBE-4F07-A129-9539437180A7}.Release|Any CPU.ActiveCfg = Release|Any CPU
		{F04B2ED5-8DBE-4F07-A129-9539437180A7}.Release|Any CPU.Build.0 = Release|Any CPU
		{73F60E29-4C79-42BA-B14F-FA69AE5C46F0}.Debug|Any CPU.ActiveCfg = Debug|Any CPU
		{73F60E29-4C79-42BA-B14F-FA69AE5C46F0}.Debug|Any CPU.Build.0 = Debug|Any CPU
		{73F60E29-4C79-42BA-B14F-FA69AE5C46F0}.Release|Any CPU.ActiveCfg = Release|Any CPU
		{73F60E29-4C79-42BA-B14F-FA69AE5C46F0}.Release|Any CPU.Build.0 = Release|Any CPU
		{68B97714-84FB-4799-8B67-FDF87F1F8987}.Debug|Any CPU.ActiveCfg = Debug|Any CPU
		{68B97714-84FB-4799-8B67-FDF87F1F8987}.Debug|Any CPU.Build.0 = Debug|Any CPU
		{68B97714-84FB-4799-8B67-FDF87F1F8987}.Release|Any CPU.ActiveCfg = Release|Any CPU
		{68B97714-84FB-4799-8B67-FDF87F1F8987}.Release|Any CPU.Build.0 = Release|Any CPU
		{46331C44-5AF9-492B-A69E-79992FD329B4}.Debug|Any CPU.ActiveCfg = Debug|Any CPU
		{46331C44-5AF9-492B-A69E-79992FD329B4}.Debug|Any CPU.Build.0 = Debug|Any CPU
		{46331C44-5AF9-492B-A69E-79992FD329B4}.Release|Any CPU.ActiveCfg = Release|Any CPU
		{46331C44-5AF9-492B-A69E-79992FD329B4}.Release|Any CPU.Build.0 = Release|Any CPU
	EndGlobalSection
	GlobalSection(SolutionProperties) = preSolution
		HideSolutionNode = FALSE
	EndGlobalSection
	GlobalSection(NestedProjects) = preSolution
		{9391A539-FA36-412F-B17E-A6758009523D} = {7C2686D8-BFEE-4C74-B7CF-A85E623ABF9F}
		{F04B2ED5-8DBE-4F07-A129-9539437180A7} = {7C2686D8-BFEE-4C74-B7CF-A85E623ABF9F}
		{73F60E29-4C79-42BA-B14F-FA69AE5C46F0} = {7C2686D8-BFEE-4C74-B7CF-A85E623ABF9F}
		{68B97714-84FB-4799-8B67-FDF87F1F8987} = {7C2686D8-BFEE-4C74-B7CF-A85E623ABF9F}
		{46331C44-5AF9-492B-A69E-79992FD329B4} = {7C2686D8-BFEE-4C74-B7CF-A85E623ABF9F}
	EndGlobalSection
	GlobalSection(ExtensibilityGlobals) = postSolution
		SolutionGuid = {FD4F3CA6-E6FC-47C5-86FC-780EFFD0FF60}
	EndGlobalSection
EndGlobal
